
Microsoft Visual Studio Solution File, Format Version 12.00
# Visual Studio Version 16
VisualStudioVersion = 16.0.29215.179
MinimumVisualStudioVersion = 10.0.40219.1
Project("{FAE04EC0-301F-11D3-BF4B-00C04F79EFBC}") = "Assignnment2_1", "Assignnment2_1\Assignnment2_1.csproj", "{C4961236-62FA-4A3D-B614-1ADB5E018D94}"
EndProject
Global
	GlobalSection(SolutionConfigurationPlatforms) = preSolution
		Debug|Any CPU = Debug|Any CPU
		Release|Any CPU = Release|Any CPU
	EndGlobalSection
	GlobalSection(ProjectConfigurationPlatforms) = postSolution
		{C4961236-62FA-4A3D-B614-1ADB5E018D94}.Debug|Any CPU.ActiveCfg = Debug|Any CPU
		{C4961236-62FA-4A3D-B614-1ADB5E018D94}.Debug|Any CPU.Build.0 = Debug|Any CPU
		{C4961236-62FA-4A3D-B614-1ADB5E018D94}.Release|Any CPU.ActiveCfg = Release|Any CPU
		{C4961236-62FA-4A3D-B614-1ADB5E018D94}.Release|Any CPU.Build.0 = Release|Any CPU
	EndGlobalSection
	GlobalSection(SolutionProperties) = preSolution
		HideSolutionNode = FALSE
	EndGlobalSection
	GlobalSection(ExtensibilityGlobals) = postSolution
		SolutionGuid = {5B1F85B1-E6C8-4073-A7BD-52D9636D26A5}
	EndGlobalSection
EndGlobal
